<?xml version="1.0" encoding="utf-8"?>
<Project ToolsVersion="4.0" xmlns="http://schemas.microsoft.com/developer/msbuild/2003">
  <ItemGroup>
    <Filter Include="源文件">
      <UniqueIdentifier>{4FC737F1-C7A5-4376-A066-2A32D752A2FF}</UniqueIdentifier>
      <Extensions>cpp;c;cc;cxx;def;odl;idl;hpj;bat;asm;asmx</Extensions>
    </Filter>
    <Filter Include="头文件">
      <UniqueIdentifier>{93995380-89BD-4b04-88EB-625FBE52EBFB}</UniqueIdentifier>
      <Extensions>h;hpp;hxx;hm;inl;inc;xsd</Extensions>
    </Filter>
    <Filter Include="资源文件">
      <UniqueIdentifier>{67DA6AB6-F800-4c08-8B7A-83BB121AAD01}</UniqueIdentifier>
      <Extensions>rc;ico;cur;bmp;dlg;rc2;rct;bin;rgs;gif;jpg;jpeg;jpe;resx;tiff;tif;png;wav;mfcribbon-ms</Extensions>
    </Filter>
  </ItemGroup>
  <ItemGroup>
    <ClCompile Include="p011第一个程序.cpp">
      <Filter>源文件</Filter>
    </ClCompile>
    <ClCompile Include="p034格式化的消息框.cpp">
      <Filter>源文件</Filter>
    </ClCompile>
    <ClCompile Include="p039创建一个窗口.cpp">
      <Filter>源文件</Filter>
    </ClCompile>
    <ClCompile Include="p077TextOut格式化绘制文字.cpp">
      <Filter>源文件</Filter>
    </ClCompile>
    <ClCompile Include="p086给程序加上滚动条.cpp">
      <Filter>源文件</Filter>
    </ClCompile>
    <ClCompile Include="p094添加滚动条的两个高级函数.cpp">
      <Filter>源文件</Filter>
    </ClCompile>
    <ClCompile Include="p086给程序加上滚动条_recoding.cpp">
      <Filter>源文件</Filter>
    </ClCompile>
    <ClCompile Include="p120绘制正弦波.cpp">
      <Filter>源文件</Filter>
    </ClCompile>
    <ClCompile Include="DX_WinMain.cpp">
      <Filter>源文件</Filter>
    </ClCompile>
    <ClCompile Include="p125绘制图形.cpp">
      <Filter>源文件</Filter>
    </ClCompile>
    <ClCompile Include="p128贝塞尔样条曲线.cpp">
      <Filter>源文件</Filter>
    </ClCompile>
    <ClCompile Include="p140绘制填充区域.cpp">
      <Filter>源文件</Filter>
    </ClCompile>
    <ClCompile Include="01 弹窗吃内存的小病毒.cpp">
      <Filter>源文件</Filter>
    </ClCompile>
    <ClCompile Include="p158五种度量映射模式显示窗口客户区.cpp">
      <Filter>源文件</Filter>
    </ClCompile>
    <ClCompile Include="p168剪裁区域.cpp">
      <Filter>源文件</Filter>
    </ClCompile>
    <ClCompile Include="p184给滚动条加上键盘接口.cpp">
      <Filter>源文件</Filter>
    </ClCompile>
    <ClCompile Include="p193八种不同键盘消息.cpp">
      <Filter>源文件</Filter>
    </ClCompile>
    <ClCompile Include="p215文本编辑器的雏形.cpp">
      <Filter>源文件</Filter>
    </ClCompile>
    <ClCompile Include="P215文本编辑器的雏形_std.cpp">
      <Filter>源文件</Filter>
    </ClCompile>
    <ClCompile Include="p034 格式化的消息框.cpp">
      <Filter>源文件</Filter>
    </ClCompile>
    <ClCompile Include="p011 MessageBox().cpp">
      <Filter>源文件</Filter>
    </ClCompile>
    <ClCompile Include="p039 创建一个窗口.cpp">
      <Filter>源文件</Filter>
    </ClCompile>
    <ClCompile Include="p077 TextOut格式化绘制文字.cpp">
      <Filter>源文件</Filter>
    </ClCompile>
    <ClCompile Include="p086 给程序加上滚动条.cpp">
      <Filter>源文件</Filter>
    </ClCompile>
    <ClCompile Include="p094 添加滚动条的两个高级函数.cpp">
      <Filter>源文件</Filter>
    </ClCompile>
    <ClCompile Include="p105获取设备环境信息.cpp">
      <Filter>源文件</Filter>
    </ClCompile>
    <ClCompile Include="p105 获取设备环境信息.cpp">
      <Filter>源文件</Filter>
    </ClCompile>
    <ClCompile Include="p120 绘制正弦波.cpp">
      <Filter>源文件</Filter>
    </ClCompile>
    <ClCompile Include="p125 绘制图形.cpp">
      <Filter>源文件</Filter>
    </ClCompile>
    <ClCompile Include="p128 贝塞尔样条曲线.cpp">
      <Filter>源文件</Filter>
    </ClCompile>
    <ClCompile Include="p158 五种度量映射模式显示窗口客户区.cpp">
      <Filter>源文件</Filter>
    </ClCompile>
    <ClCompile Include="p145 默认映射模式.cpp">
      <Filter>源文件</Filter>
    </ClCompile>
    <ClCompile Include="p147视口和窗口.cpp">
      <Filter>源文件</Filter>
    </ClCompile>
    <ClCompile Include="DX_WM.cpp">
      <Filter>源文件</Filter>
    </ClCompile>
    <ClCompile Include="p165PeekMessage实现随机矩形.cpp">
      <Filter>源文件</Filter>
    </ClCompile>
    <ClCompile Include="p165 PeekMessage实现随机矩形.cpp">
      <Filter>源文件</Filter>
    </ClCompile>
    <ClCompile Include="p168 剪裁区域.cpp">
      <Filter>源文件</Filter>
    </ClCompile>
    <ClCompile Include="p146逻辑点位于中心的正弦曲线.cpp">
      <Filter>源文件</Filter>
    </ClCompile>
    <ClCompile Include="p146 逻辑点位于中心的正弦曲线.cpp">
      <Filter>源文件</Filter>
    </ClCompile>
    <ClCompile Include="大雄画板1.0.cpp">
      <Filter>源文件</Filter>
    </ClCompile>
    <ClCompile Include="p184 给滚动条加上键盘接口.cpp">
      <Filter>源文件</Filter>
    </ClCompile>
    <ClCompile Include="p193 八种不同的键盘消息.cpp">
      <Filter>源文件</Filter>
    </ClCompile>
    <ClCompile Include="p200windows中的所有字体.cpp">
      <Filter>源文件</Filter>
    </ClCompile>
    <ClCompile Include="p200 windows中的所有字体.cpp">
      <Filter>源文件</Filter>
    </ClCompile>
    <ClCompile Include="p210改变字体和字符.cpp">
      <Filter>源文件</Filter>
    </ClCompile>
    <ClCompile Include="P215 文本编辑器的雏形.cpp">
      <Filter>源文件</Filter>
    </ClCompile>
    <ClCompile Include="p225简单的鼠标处理程序.cpp">
      <Filter>源文件</Filter>
    </ClCompile>
    <ClCompile Include="p233击中测试.cpp">
      <Filter>源文件</Filter>
    </ClCompile>
    <ClCompile Include="p237用键盘控制鼠标.cpp">
      <Filter>源文件</Filter>
    </ClCompile>
    <ClCompile Include="p240给程序添加子窗口.cpp">
      <Filter>源文件</Filter>
    </ClCompile>
    <ClCompile Include="p245标识子窗口具有输入焦点.cpp">
      <Filter>源文件</Filter>
    </ClCompile>
    <ClCompile Include="p245 标识子窗口具有输入焦点.cpp">
      <Filter>源文件</Filter>
    </ClCompile>
    <ClCompile Include="p249设计一个矩形.cpp">
      <Filter>源文件</Filter>
    </ClCompile>
    <ClCompile Include="p252捕获鼠标.cpp">
      <Filter>源文件</Filter>
    </ClCompile>
    <ClCompile Include="p256鼠标滚轮.cpp">
      <Filter>源文件</Filter>
    </ClCompile>
    <ClCompile Include="大雄贪吃蛇1.0.cpp">
      <Filter>源文件</Filter>
    </ClCompile>
    <ClCompile Include="p266计时器 方法一.cpp">
      <Filter>源文件</Filter>
    </ClCompile>
    <ClCompile Include="p269计时器 方法二.cpp">
      <Filter>源文件</Filter>
    </ClCompile>
    <ClCompile Include="p271数字时钟.cpp">
      <Filter>源文件</Filter>
    </ClCompile>
    <ClCompile Include="p153自定义映射模式之MM_ISOTROPIC.cpp">
      <Filter>源文件</Filter>
    </ClCompile>
    <ClCompile Include="p277模拟时钟.cpp">
      <Filter>源文件</Filter>
    </ClCompile>
    <ClCompile Include="P281在状态报告上使用计时器.cpp">
      <Filter>源文件</Filter>
    </ClCompile>
    <ClCompile Include="大雄表白程序.cpp">
      <Filter>源文件</Filter>
    </ClCompile>
    <ClCompile Include="p286按钮类.cpp">
      <Filter>源文件</Filter>
    </ClCompile>
    <ClCompile Include="p300自绘按钮.cpp">
      <Filter>源文件</Filter>
    </ClCompile>
    <ClCompile Include="p307滚动条控件和静态子窗口.cpp">
      <Filter>源文件</Filter>
    </ClCompile>
    <ClCompile Include="p315编辑类控件.cpp">
      <Filter>源文件</Filter>
    </ClCompile>
    <ClCompile Include="p324简单的列表框程序.cpp">
      <Filter>源文件</Filter>
    </ClCompile>
    <ClCompile Include="p328列表框下的HEAD程序.cpp">
      <Filter>源文件</Filter>
    </ClCompile>
    <ClCompile Include="dxDigit.cpp">
      <Filter>源文件</Filter>
    </ClCompile>
    <ClCompile Include="dxList.cpp">
      <Filter>源文件</Filter>
    </ClCompile>
    <ClCompile Include="p152基于范围的for循环.cpp">
      <Filter>源文件</Filter>
    </ClCompile>
    <ClCompile Include="p253    第八章模板总结    .cpp">
      <Filter>源文件</Filter>
    </ClCompile>
    <ClCompile Include="p741浮点数输出格式.cpp">
      <Filter>源文件</Filter>
    </ClCompile>
    <ClCompile Include="p929多线程版本的随机矩形.cpp">
      <Filter>源文件</Filter>
    </ClCompile>
    <ClCompile Include="p933单线程的短板.cpp">
      <Filter>源文件</Filter>
    </ClCompile>
    <ClCompile Include="p938多线程的长处.cpp">
      <Filter>源文件</Filter>
    </ClCompile>
    <ClCompile Include="p948主线程和二级线程之间的交互.cpp">
      <Filter>源文件</Filter>
    </ClCompile>
    <ClCompile Include="p952事件实现简化对线程的频繁建立和销毁.cpp">
      <Filter>源文件</Filter>
    </ClCompile>
    <ClCompile Include="p981MCI的学习和测试.cpp">
      <Filter>源文件</Filter>
    </ClCompile>
    <ClCompile Include="大雄2048游戏1.0客户文件.cpp">
      <Filter>源文件</Filter>
    </ClCompile>
    <ClCompile Include="大雄2048游戏1.0实现文件.cpp">
      <Filter>源文件</Filter>
    </ClCompile>
    <ClCompile Include="大雄代码统计器.cpp">
      <Filter>源文件</Filter>
    </ClCompile>
    <ClCompile Include="大雄贪吃蛇2.0 实现文件.cpp">
      <Filter>源文件</Filter>
    </ClCompile>
    <ClCompile Include="大雄贪吃蛇2.0.cpp">
      <Filter>源文件</Filter>
    </ClCompile>
  </ItemGroup>
  <ItemGroup>
    <Text Include="p064WM_PAINT消息产生的情况及windows的处理详解.txt">
      <Filter>源文件</Filter>
    </Text>
    <Text Include="p066设备环境(DC)详解.txt">
      <Filter>源文件</Filter>
    </Text>
    <Text Include="p067绘制信息结构.txt">
      <Filter>源文件</Filter>
    </Text>
    <Text Include="p099SetScrollInfo()和GetScrollInfo().txt">
      <Filter>源文件</Filter>
    </Text>
    <Text Include="p118画线函数.txt">
      <Filter>源文件</Filter>
    </Text>
    <Text Include="p131画笔的详细学习.txt">
      <Filter>源文件</Filter>
    </Text>
    <Text Include="p136绘图模式.txt">
      <Filter>源文件</Filter>
    </Text>
    <Text Include="p000    章节概览    .txt">
      <Filter>源文件</Filter>
    </Text>
    <Text Include="p037    第三章    .txt">
      <Filter>源文件</Filter>
    </Text>
    <Text Include="p003    第一章总结    .txt">
      <Filter>源文件</Filter>
    </Text>
    <Text Include="p019    第二章总结    .txt">
      <Filter>源文件</Filter>
    </Text>
    <Text Include="p142画刷填充内部.txt">
      <Filter>源文件</Filter>
    </Text>
    <Text Include="p099    第五章总结    .txt">
      <Filter>源文件</Filter>
    </Text>
    <Text Include="影响客户区绘制图形的5个GDI映射模式等属性.txt">
      <Filter>源文件</Filter>
    </Text>
    <Text Include="p063    第四章总结    .txt">
      <Filter>源文件</Filter>
    </Text>
    <Text Include="p173    第六章总结    .txt">
      <Filter>源文件</Filter>
    </Text>
    <Text Include="P221    第七章总结    .txt">
      <Filter>源文件</Filter>
    </Text>
    <Text Include="CreateFont函数.txt">
      <Filter>源文件</Filter>
    </Text>
    <Text Include="p000    章节概览     (2).txt">
      <Filter>源文件</Filter>
    </Text>
    <Text Include="p001      第一章总结      .txt">
      <Filter>源文件</Filter>
    </Text>
    <Text Include="p012      第二章总结      .txt">
      <Filter>源文件</Filter>
    </Text>
    <Text Include="p037    第三章总结    .txt">
      <Filter>源文件</Filter>
    </Text>
    <Text Include="p070    第四章总结    .txt">
      <Filter>源文件</Filter>
    </Text>
    <Text Include="p125    第五章总结    .txt">
      <Filter>源文件</Filter>
    </Text>
    <Text Include="p253    第八章总结    .txt">
      <Filter>源文件</Filter>
    </Text>
    <Text Include="p928        第二十章  多线程          .txt">
      <Filter>源文件</Filter>
    </Text>
    <Text Include="p957 LIB OBJ RES.txt">
      <Filter>源文件</Filter>
    </Text>
    <Text Include="窗口风格大全.txt">
      <Filter>源文件</Filter>
    </Text>
    <Text Include="多线程概念.txt">
      <Filter>源文件</Filter>
    </Text>
  </ItemGroup>
  <ItemGroup>
    <ClInclude Include="p075TextOut格式化绘制文字.h">
      <Filter>源文件</Filter>
    </ClInclude>
    <ClInclude Include="dxDigit.h">
      <Filter>源文件</Filter>
    </ClInclude>
    <ClInclude Include="dxList.h">
      <Filter>源文件</Filter>
    </ClInclude>
    <ClInclude Include="p980MCI的学习和测试.h">
      <Filter>源文件</Filter>
    </ClInclude>
    <ClInclude Include="大雄2048游戏1.0.h">
      <Filter>源文件</Filter>
    </ClInclude>
    <ClInclude Include="大雄贪吃蛇2.0.h">
      <Filter>源文件</Filter>
    </ClInclude>
  </ItemGroup>
  <ItemGroup>
    <Image Include="p034windows支持的sprintf()函数的多个版本.png">
      <Filter>源文件</Filter>
    </Image>
    <Image Include="p043大写标示符前缀所代表的意思.png">
      <Filter>源文件</Filter>
    </Image>
    <Image Include="p045匈牙利标记法给变量命名.png">
      <Filter>源文件</Filter>
    </Image>
    <Image Include="p073字体中定义字符纵向尺寸的四个值.png">
      <Filter>源文件</Filter>
    </Image>
    <Image Include="p086滚动条消息对应的wParam值的标示符.png">
      <Filter>源文件</Filter>
    </Image>
    <Image Include="p059WndProc被windows调用的情况.png">
      <Filter>源文件</Filter>
    </Image>
    <Image Include="p115设备环境属性和获取更改函数1.png">
      <Filter>源文件</Filter>
    </Image>
    <Image Include="p115设备环境属性和获取更改函数2.png">
      <Filter>源文件</Filter>
    </Image>
    <Image Include="p115设备环境属性和获取更改函数3.png">
      <Filter>源文件</Filter>
    </Image>
    <Image Include="p123Ellipse函数绘制的图形.png">
      <Filter>源文件</Filter>
    </Image>
    <Image Include="p124RoundRect函数绘制的图形.png">
      <Filter>源文件</Filter>
    </Image>
    <Image Include="p125Arc, Chord, Pie函数绘制的图形.png">
      <Filter>源文件</Filter>
    </Image>
    <Image Include="p133七种画笔样式.png">
      <Filter>源文件</Filter>
    </Image>
    <Image Include="p136十六种ROP2绘图模式1.png">
      <Filter>源文件</Filter>
    </Image>
    <Image Include="p136十六种ROP2绘图模式2.png">
      <Filter>源文件</Filter>
    </Image>
    <Image Include="p143阴影线画刷的六种样式.png">
      <Filter>源文件</Filter>
    </Image>
    <Image Include="p143逻辑画刷LOGBRUSH结构详解.png">
      <Filter>源文件</Filter>
    </Image>
    <Image Include="p144八种映射模式详解.png">
      <Filter>源文件</Filter>
    </Image>
    <Image Include="p092滚动条信息SCROLLINFO结构.png">
      <Filter>源文件</Filter>
    </Image>
    <Image Include="p105获取设备环境信息参数.png">
      <Filter>源文件</Filter>
    </Image>
    <Image Include="p167区域的结合方式iCombine.png">
      <Filter>源文件</Filter>
    </Image>
    <Image Include="p180击键消息中的lParam.png">
      <Filter>源文件</Filter>
    </Image>
    <Image Include="p209CreateFont中的字符集ID.png">
      <Filter>源文件</Filter>
    </Image>
  </ItemGroup>
  <ItemGroup>
    <Media Include="p039创建一个窗口.wav">
      <Filter>源文件</Filter>
    </Media>
  </ItemGroup>
  <ItemGroup>
    <None Include="p981MCI的学习和测试.aps">
      <Filter>源文件</Filter>
    </None>
    <None Include="p982MCI的学习和测试.aps">
      <Filter>源文件</Filter>
    </None>
    <None Include="大雄代码统计器.exe">
      <Filter>源文件</Filter>
    </None>
  </ItemGroup>
</Project>