
Microsoft Visual Studio Solution File, Format Version 12.00
# Visual Studio 2012
Project("{FAE04EC0-301F-11D3-BF4B-00C04F79EFBC}") = "WindowsApplication", "WindowsApplication\WindowsApplication.csproj", "{3A603DE1-D98B-4B99-AB73-F8F658F1DAE6}"
EndProject
Global
	GlobalSection(SolutionConfigurationPlatforms) = preSolution
		Debug|Any CPU = Debug|Any CPU
		Release|Any CPU = Release|Any CPU
	EndGlobalSection
	GlobalSection(ProjectConfigurationPlatforms) = postSolution
		{3A603DE1-D98B-4B99-AB73-F8F658F1DAE6}.Debug|Any CPU.ActiveCfg = Debug|Any CPU
		{3A603DE1-D98B-4B99-AB73-F8F658F1DAE6}.Debug|Any CPU.Build.0 = Debug|Any CPU
		{3A603DE1-D98B-4B99-AB73-F8F658F1DAE6}.Release|Any CPU.ActiveCfg = Release|Any CPU
		{3A603DE1-D98B-4B99-AB73-F8F658F1DAE6}.Release|Any CPU.Build.0 = Release|Any CPU
	EndGlobalSection
	GlobalSection(SolutionProperties) = preSolution
		HideSolutionNode = FALSE
	EndGlobalSection
EndGlobal
