
Microsoft Visual Studio Solution File, Format Version 12.00
# Visual Studio 2012
Project("{6141683F-8A12-4E36-9623-2EB02B2C2303}") = "发布程序", "发布程序\发布程序.isproj", "{47FC555A-CD59-40C2-940A-C0A6F602A5BB}"
EndProject
Global
	GlobalSection(SolutionConfigurationPlatforms) = preSolution
		CD_ROM|Default = CD_ROM|Default
		DVD-5|Default = DVD-5|Default
		SingleImage|Default = SingleImage|Default
	EndGlobalSection
	GlobalSection(ProjectConfigurationPlatforms) = postSolution
		{47FC555A-CD59-40C2-940A-C0A6F602A5BB}.CD_ROM|Default.ActiveCfg = CD_ROM
		{47FC555A-CD59-40C2-940A-C0A6F602A5BB}.CD_ROM|Default.Build.0 = CD_ROM
		{47FC555A-CD59-40C2-940A-C0A6F602A5BB}.DVD-5|Default.ActiveCfg = DVD-5
		{47FC555A-CD59-40C2-940A-C0A6F602A5BB}.DVD-5|Default.Build.0 = DVD-5
		{47FC555A-CD59-40C2-940A-C0A6F602A5BB}.SingleImage|Default.ActiveCfg = SingleImage
		{47FC555A-CD59-40C2-940A-C0A6F602A5BB}.SingleImage|Default.Build.0 = SingleImage
	EndGlobalSection
	GlobalSection(SolutionProperties) = preSolution
		HideSolutionNode = FALSE
	EndGlobalSection
EndGlobal
