<?xml version="1.0" encoding="utf-8"?>
<Project ToolsVersion="4.0" xmlns="http://schemas.microsoft.com/developer/msbuild/2003">
  <ItemGroup>
    <Filter Include="源文件">
      <UniqueIdentifier>{4FC737F1-C7A5-4376-A066-2A32D752A2FF}</UniqueIdentifier>
      <Extensions>cpp;c;cc;cxx;def;odl;idl;hpj;bat;asm;asmx</Extensions>
    </Filter>
    <Filter Include="头文件">
      <UniqueIdentifier>{93995380-89BD-4b04-88EB-625FBE52EBFB}</UniqueIdentifier>
      <Extensions>h;hpp;hxx;hm;inl;inc;xsd</Extensions>
    </Filter>
    <Filter Include="资源文件">
      <UniqueIdentifier>{67DA6AB6-F800-4c08-8B7A-83BB121AAD01}</UniqueIdentifier>
      <Extensions>rc;ico;cur;bmp;dlg;rc2;rct;bin;rgs;gif;jpg;jpeg;jpe;resx;tiff;tif;png;wav;mfcribbon-ms</Extensions>
    </Filter>
  </ItemGroup>
  <ItemGroup>
    <ClCompile Include="p267多维数组数组名的值.cpp">
      <Filter>源文件</Filter>
    </ClCompile>
    <ClCompile Include="p290gets函数的使用.cpp">
      <Filter>源文件</Filter>
    </ClCompile>
    <ClCompile Include="p291fgets函数.cpp">
      <Filter>源文件</Filter>
    </ClCompile>
    <ClCompile Include="p292scanf函数与字符串.cpp">
      <Filter>源文件</Filter>
    </ClCompile>
    <ClCompile Include="p293puts函数输出字符串.cpp">
      <Filter>源文件</Filter>
    </ClCompile>
    <ClCompile Include="p296自定义输出函数.cpp">
      <Filter>源文件</Filter>
    </ClCompile>
    <ClCompile Include="p297用strlen%28%29定义一个缩短字符串的函数.cpp">
      <Filter>源文件</Filter>
    </ClCompile>
    <ClCompile Include="p298使用strcat()连接两个字符串.cpp">
      <Filter>源文件</Filter>
    </ClCompile>
    <ClCompile Include="p299使用strncat%28%29连接两个字符串.cpp">
      <Filter>源文件</Filter>
    </ClCompile>
    <ClCompile Include="p248指定数组的初始化项目.cpp">
      <Filter>源文件</Filter>
    </ClCompile>
    <ClCompile Include="p303使用strncmp()搜索字符串.cpp">
      <Filter>源文件</Filter>
    </ClCompile>
    <ClCompile Include="p305使用strcpy()实现字符串某个部分的复制.cpp">
      <Filter>源文件</Filter>
    </ClCompile>
    <ClCompile Include="p304使用strcpy%28%29实现字符串的复制而不是地址的复制.cpp">
      <Filter>源文件</Filter>
    </ClCompile>
    <ClCompile Include="p306使用strncpy()实现复制一定字符的串.cpp">
      <Filter>源文件</Filter>
    </ClCompile>
    <ClCompile Include="p307使用sprintf()组合字符串.cpp">
      <Filter>源文件</Filter>
    </ClCompile>
    <ClCompile Include="p311用ctype.h将字符串中的小写字母转换为大写并统计标点个数.cpp">
      <Filter>源文件</Filter>
    </ClCompile>
    <ClCompile Include="p313带有参数的main函数.cpp">
      <Filter>源文件</Filter>
    </ClCompile>
    <ClCompile Include="p314把命令行参数转化为数字.cpp">
      <Filter>源文件</Filter>
    </ClCompile>
    <ClCompile Include="p320练习13一个基于命令行的计算乘幂程序.cpp">
      <Filter>源文件</Filter>
    </ClCompile>
    <ClCompile Include="p333包含全部5种储存类的小程序.cpp">
      <Filter>源文件</Filter>
    </ClCompile>
    <ClCompile Include="p333包含全部5种储存类的小程序1.cpp">
      <Filter>源文件</Filter>
    </ClCompile>
    <ClCompile Include="p336用自定义函数产生随机数.cpp">
      <Filter>源文件</Filter>
    </ClCompile>
    <ClCompile Include="p336用自定义函数产生随机数1.cpp">
      <Filter>源文件</Filter>
    </ClCompile>
    <ClCompile Include="p338掷骰子.cpp">
      <Filter>源文件</Filter>
    </ClCompile>
    <ClCompile Include="p339掷骰子.cpp">
      <Filter>源文件</Filter>
    </ClCompile>
    <ClCompile Include="p341使用malloc()为数组动态分配内存空间.cpp">
      <Filter>源文件</Filter>
    </ClCompile>
    <ClCompile Include="p271处理二维数组的函数.cpp">
      <Filter>源文件</Filter>
    </ClCompile>
    <ClCompile Include="p352统计随机数产生次数.cpp">
      <Filter>源文件</Filter>
    </ClCompile>
    <ClCompile Include="p356读取一个文件.cpp">
      <Filter>源文件</Filter>
    </ClCompile>
    <ClCompile Include="p361rewind(),fprintf()和fscanf().cpp">
      <Filter>源文件</Filter>
    </ClCompile>
    <ClCompile Include="p363fgets%28%29和fputs%28%29-键盘输入.cpp">
      <Filter>源文件</Filter>
    </ClCompile>
    <ClCompile Include="p363fgets%28%29和fputs%28%29-文件输入.cpp">
      <Filter>源文件</Filter>
    </ClCompile>
    <ClCompile Include="p364随机存取函数fseek()和ftell().cpp">
      <Filter>源文件</Filter>
    </ClCompile>
    <ClCompile Include="p371使用fread()和fwrite()把多个文件的内容加到一个文件.cpp">
      <Filter>源文件</Filter>
    </ClCompile>
    <ClCompile Include="p372对文件追加内容的理解.cpp">
      <Filter>源文件</Filter>
    </ClCompile>
    <ClCompile Include="p0.cpp">
      <Filter>源文件</Filter>
    </ClCompile>
    <ClCompile Include="p373使用二进制IO进行随机存取.cpp">
      <Filter>源文件</Filter>
    </ClCompile>
    <ClCompile Include="p376_8文件中字符的查找.cpp">
      <Filter>源文件</Filter>
    </ClCompile>
    <ClCompile Include="p376_3文件复制程序.cpp">
      <Filter>源文件</Filter>
    </ClCompile>
    <ClCompile Include="p360getc%28%29和putc%28%29的一个简单地文件压缩程序.cpp">
      <Filter>源文件</Filter>
    </ClCompile>
    <ClCompile Include="p378结构表示图书信息.cpp">
      <Filter>源文件</Filter>
    </ClCompile>
    <ClCompile Include="p383数组结构.cpp">
      <Filter>源文件</Filter>
    </ClCompile>
    <ClCompile Include="p386嵌套循环.cpp">
      <Filter>源文件</Filter>
    </ClCompile>
    <ClCompile Include="p393用结构完成函数间的双向通信(2).cpp">
      <Filter>源文件</Filter>
    </ClCompile>
    <ClCompile Include="p392用指针完成函数间的双向通信%281%29.cpp">
      <Filter>源文件</Filter>
    </ClCompile>
    <ClCompile Include="p396用malloc给结构中的字符动态分配内存.cpp">
      <Filter>源文件</Filter>
    </ClCompile>
    <ClCompile Include="p399结构内的伸缩型数组成员.cpp">
      <Filter>源文件</Filter>
    </ClCompile>
    <ClCompile Include="p402把结构保存到文件中.cpp">
      <Filter>源文件</Filter>
    </ClCompile>
    <ClCompile Include="p409枚举.cpp">
      <Filter>源文件</Filter>
    </ClCompile>
    <ClCompile Include="p415函数指针.cpp">
      <Filter>源文件</Filter>
    </ClCompile>
    <ClCompile Include="p421_2计算一个人活的天数.cpp">
      <Filter>源文件</Filter>
    </ClCompile>
    <ClCompile Include="p421_1标准答案.cpp">
      <Filter>源文件</Filter>
    </ClCompile>
    <ClCompile Include="p421_3标准答案.cpp">
      <Filter>源文件</Filter>
    </ClCompile>
    <ClCompile Include="p272指针数组和数组指针.cpp">
      <Filter>源文件</Filter>
    </ClCompile>
    <ClCompile Include="p421_5标准答案.cpp">
      <Filter>源文件</Filter>
    </ClCompile>
    <ClCompile Include="p421_7标准答案.cpp">
      <Filter>源文件</Filter>
    </ClCompile>
    <ClCompile Include="p421_8标准答案.cpp">
      <Filter>源文件</Filter>
    </ClCompile>
    <ClCompile Include="p421_10函数指针数组完成菜单选择.cpp">
      <Filter>源文件</Filter>
    </ClCompile>
    <ClCompile Include="p432翻转一个数最后的n位.cpp">
      <Filter>源文件</Filter>
    </ClCompile>
    <ClCompile Include="p435通过位字段结构表示一个屏幕方框的属性.cpp">
      <Filter>源文件</Filter>
    </ClCompile>
    <ClCompile Include="p430位运算实现把数字转换成二进制形式.cpp">
      <Filter>源文件</Filter>
    </ClCompile>
    <ClCompile Include="p438位字段和位运算.cpp">
      <Filter>源文件</Filter>
    </ClCompile>
    <ClCompile Include="p447define类对象宏的用法.cpp">
      <Filter>源文件</Filter>
    </ClCompile>
    <ClCompile Include="p451define类函数宏.cpp">
      <Filter>源文件</Filter>
    </ClCompile>
    <ClCompile Include="p453字符串中包含宏参数.cpp">
      <Filter>源文件</Filter>
    </ClCompile>
    <ClCompile Include="p453实现语言符号的粘合.cpp">
      <Filter>源文件</Filter>
    </ClCompile>
    <ClCompile Include="p454多个宏参数的设定.cpp">
      <Filter>源文件</Filter>
    </ClCompile>
    <ClCompile Include="p457include的使用2.cpp">
      <Filter>源文件</Filter>
    </ClCompile>
    <ClCompile Include="p457include的使用3.cpp">
      <Filter>源文件</Filter>
    </ClCompile>
    <ClCompile Include="daxiong.cpp">
      <Filter>源文件</Filter>
    </ClCompile>
    <ClCompile Include="p462ifndef包含保护1.cpp">
      <Filter>源文件</Filter>
    </ClCompile>
    <ClCompile Include="p462ifndef包含保护.h">
      <Filter>源文件</Filter>
    </ClCompile>
    <ClCompile Include="p463预定义宏.cpp">
      <Filter>源文件</Filter>
    </ClCompile>
    <ClCompile Include="p469数学库.cpp">
      <Filter>源文件</Filter>
    </ClCompile>
    <ClCompile Include="p471exit()和atexit().cpp">
      <Filter>源文件</Filter>
    </ClCompile>
    <ClCompile Include="p473qsort()实现对数组的快速排序.cpp">
      <Filter>源文件</Filter>
    </ClCompile>
    <ClCompile Include="p476assert()和用于调试诊断错误的小型诊断库.cpp">
      <Filter>源文件</Filter>
    </ClCompile>
    <ClCompile Include="p477memcpy()和memmove()实现数组的复制.cpp">
      <Filter>源文件</Filter>
    </ClCompile>
    <ClCompile Include="p480可变参数.cpp">
      <Filter>源文件</Filter>
    </ClCompile>
    <ClCompile Include="p482_5抽奖程序.cpp">
      <Filter>源文件</Filter>
    </ClCompile>
    <ClCompile Include="p482_5抽奖程序标准答案.cpp">
      <Filter>源文件</Filter>
    </ClCompile>
    <ClCompile Include="p482_7可变参数.cpp">
      <Filter>源文件</Filter>
    </ClCompile>
    <ClCompile Include="p489链表储存电影信息.cpp">
      <Filter>源文件</Filter>
    </ClCompile>
    <ClCompile Include="p497接口_列表的使用.cpp">
      <Filter>源文件</Filter>
    </ClCompile>
    <ClCompile Include="p499接口_列表的实现.cpp">
      <Filter>源文件</Filter>
    </ClCompile>
    <ClCompile Include="p509接口_队列的实现.cpp">
      <Filter>源文件</Filter>
    </ClCompile>
    <ClCompile Include="p504接口_队列.h">
      <Filter>源文件</Filter>
    </ClCompile>
    <ClCompile Include="p511接口_队列驱动程序.cpp">
      <Filter>源文件</Filter>
    </ClCompile>
    <ClCompile Include="cpp复习测试.cpp">
      <Filter>源文件</Filter>
    </ClCompile>
    <ClCompile Include="p038以十进制八进制和十六进制输出100.cpp">
      <Filter>源文件</Filter>
    </ClCompile>
    <ClCompile Include="p041打印short_long_longlong_unsigned类型数.cpp">
      <Filter>源文件</Filter>
    </ClCompile>
    <ClCompile Include="p049浮点数的两种表示方法.cpp">
      <Filter>源文件</Filter>
    </ClCompile>
    <ClCompile Include="p054printf%28%29参数个数与格式说明符的常见错误.cpp">
      <Filter>源文件</Filter>
    </ClCompile>
    <ClCompile Include="p055转义字符.cpp">
      <Filter>源文件</Filter>
    </ClCompile>
    <ClCompile Include="p074不匹配的整数转换.cpp">
      <Filter>源文件</Filter>
    </ClCompile>
    <ClCompile Include="p075不匹配的浮点数转换.cpp">
      <Filter>源文件</Filter>
    </ClCompile>
    <ClCompile Include="p080scanf()格式说明符之间的符号.cpp">
      <Filter>源文件</Filter>
    </ClCompile>
    <ClCompile Include="p081星号修饰符和printf%28%29.cpp">
      <Filter>源文件</Filter>
    </ClCompile>
    <ClCompile Include="p082星号修饰符和scanf().cpp">
      <Filter>源文件</Filter>
    </ClCompile>
    <ClCompile Include="p150编程练习04.cpp">
      <Filter>源文件</Filter>
    </ClCompile>
    <ClCompile Include="p149编程练习01.cpp">
      <Filter>源文件</Filter>
    </ClCompile>
    <ClCompile Include="p149编程练习03.cpp">
      <Filter>源文件</Filter>
    </ClCompile>
    <ClCompile Include="p150编程练习06.cpp">
      <Filter>源文件</Filter>
    </ClCompile>
    <ClCompile Include="p150编程练习07.cpp">
      <Filter>源文件</Filter>
    </ClCompile>
    <ClCompile Include="p150编程练习12.cpp">
      <Filter>源文件</Filter>
    </ClCompile>
    <ClCompile Include="p150编程练习13.cpp">
      <Filter>源文件</Filter>
    </ClCompile>
    <ClCompile Include="p169单词统计程序.cpp">
      <Filter>源文件</Filter>
    </ClCompile>
    <ClCompile Include="p186编程练习1.cpp">
      <Filter>源文件</Filter>
    </ClCompile>
    <ClCompile Include="p187编程练习9.cpp">
      <Filter>源文件</Filter>
    </ClCompile>
    <ClCompile Include="p187编程练习9_标准答案.cpp">
      <Filter>源文件</Filter>
    </ClCompile>
    <ClCompile Include="p191EOF关于文件结尾.cpp">
      <Filter>源文件</Filter>
    </ClCompile>
    <ClCompile Include="p211文件结尾统计字符.cpp">
      <Filter>源文件</Filter>
    </ClCompile>
    <ClCompile Include="p211编程练习3.cpp">
      <Filter>源文件</Filter>
    </ClCompile>
    <ClCompile Include="p211编程练习5.cpp">
      <Filter>源文件</Filter>
    </ClCompile>
    <ClCompile Include="p211编程练习5_std.cpp">
      <Filter>源文件</Filter>
    </ClCompile>
    <ClCompile Include="p243编程练习3.cpp">
      <Filter>源文件</Filter>
    </ClCompile>
    <ClCompile Include="p243编程练习9.cpp">
      <Filter>源文件</Filter>
    </ClCompile>
    <ClCompile Include="p249超出数组的边界.cpp">
      <Filter>源文件</Filter>
    </ClCompile>
    <ClCompile Include="p281编程练习5.cpp">
      <Filter>源文件</Filter>
    </ClCompile>
    <ClCompile Include="p281一位数组表示二维数组.cpp">
      <Filter>源文件</Filter>
    </ClCompile>
    <ClCompile Include="p287关于指针字符串的不可修改性.cpp">
      <Filter>源文件</Filter>
    </ClCompile>
    <ClCompile Include="p300使用strcmp%28%29比较两个字符串.cpp">
      <Filter>源文件</Filter>
    </ClCompile>
    <ClCompile Include="p315atoi().cpp">
      <Filter>源文件</Filter>
    </ClCompile>
    <ClCompile Include="p315strtol().cpp">
      <Filter>源文件</Filter>
    </ClCompile>
    <ClCompile Include="p319编程练习1.cpp">
      <Filter>源文件</Filter>
    </ClCompile>
    <ClCompile Include="p319编程练习3.cpp">
      <Filter>源文件</Filter>
    </ClCompile>
    <ClCompile Include="p319编程练习3标准答案.cpp">
      <Filter>源文件</Filter>
    </ClCompile>
    <ClCompile Include="p319编程练习4.cpp">
      <Filter>源文件</Filter>
    </ClCompile>
    <ClCompile Include="p320编程练习10.cpp">
      <Filter>源文件</Filter>
    </ClCompile>
    <ClCompile Include="p320编程练习05.cpp">
      <Filter>源文件</Filter>
    </ClCompile>
    <ClCompile Include="p320编程练习06.cpp">
      <Filter>源文件</Filter>
    </ClCompile>
    <ClCompile Include="p320编程练习07.cpp">
      <Filter>源文件</Filter>
    </ClCompile>
    <ClCompile Include="p320编程练习07_标准答案.cpp">
      <Filter>源文件</Filter>
    </ClCompile>
    <ClCompile Include="p320编程练习08.cpp">
      <Filter>源文件</Filter>
    </ClCompile>
    <ClCompile Include="p320编程练习09.cpp">
      <Filter>源文件</Filter>
    </ClCompile>
    <ClCompile Include="p320编程练习09_标准答案.cpp">
      <Filter>源文件</Filter>
    </ClCompile>
    <ClCompile Include="p320编程练习11.cpp">
      <Filter>源文件</Filter>
    </ClCompile>
    <ClCompile Include="p320编程练习12.cpp">
      <Filter>源文件</Filter>
    </ClCompile>
    <ClCompile Include="p320编程练习13.cpp">
      <Filter>源文件</Filter>
    </ClCompile>
    <ClCompile Include="p320编程练习13_标准答案.cpp">
      <Filter>源文件</Filter>
    </ClCompile>
    <ClCompile Include="p320编程练习14.cpp">
      <Filter>源文件</Filter>
    </ClCompile>
    <ClCompile Include="p320编程练习15.cpp">
      <Filter>源文件</Filter>
    </ClCompile>
    <ClCompile Include="p352编程练习5.cpp">
      <Filter>源文件</Filter>
    </ClCompile>
    <ClCompile Include="p356 读取一个文件.cpp">
      <Filter>源文件</Filter>
    </ClCompile>
    <ClCompile Include="p360 getc%28%29和putc%28%29完成压缩文件.cpp">
      <Filter>源文件</Filter>
    </ClCompile>
    <ClCompile Include="p361 rewind() fscanf() fprintf().cpp">
      <Filter>源文件</Filter>
    </ClCompile>
    <ClCompile Include="p371 使用fread() fwrite()将多个文件的内容写到一个文件.cpp">
      <Filter>源文件</Filter>
    </ClCompile>
    <ClCompile Include="p373 使用二进制IO进行随机存取.cpp">
      <Filter>源文件</Filter>
    </ClCompile>
    <ClCompile Include="p376复习题4(命令行或输入得到文件名).cpp">
      <Filter>源文件</Filter>
    </ClCompile>
    <ClCompile Include="p376复习题4(命令行或输入得到文件名)_std.cpp">
      <Filter>源文件</Filter>
    </ClCompile>
    <ClCompile Include="p376复习题5(打印命令行中标记的字符的行).cpp">
      <Filter>源文件</Filter>
    </ClCompile>
    <ClCompile Include="p376编程练习10.cpp">
      <Filter>源文件</Filter>
    </ClCompile>
    <ClCompile Include="p376编程练习11(画图).cpp">
      <Filter>源文件</Filter>
    </ClCompile>
    <ClCompile Include="p396结构中的字符指针的动态分配内存.cpp">
      <Filter>源文件</Filter>
    </ClCompile>
    <ClCompile Include="p399 结构内的伸缩型数组成员.cpp">
      <Filter>源文件</Filter>
    </ClCompile>
    <ClCompile Include="p402 把结构保存到文件中.cpp">
      <Filter>源文件</Filter>
    </ClCompile>
    <ClCompile Include="p421编程练习10.cpp">
      <Filter>源文件</Filter>
    </ClCompile>
    <ClCompile Include="p421编程练习08.cpp">
      <Filter>源文件</Filter>
    </ClCompile>
    <ClCompile Include="p421 编程练习08.cpp">
      <Filter>源文件</Filter>
    </ClCompile>
    <ClCompile Include="p453预处理器.cpp">
      <Filter>源文件</Filter>
    </ClCompile>
    <ClCompile Include="p454可变宏.cpp">
      <Filter>源文件</Filter>
    </ClCompile>
    <ClCompile Include="p473 qsort()实现对数组的快速排序.cpp">
      <Filter>源文件</Filter>
    </ClCompile>
    <ClCompile Include="p477 memcpy()和memmove()实现数组的复制.cpp">
      <Filter>源文件</Filter>
    </ClCompile>
    <ClCompile Include="p480 可变参数.cpp">
      <Filter>源文件</Filter>
    </ClCompile>
    <ClCompile Include="p480关于printf的讨论.cpp">
      <Filter>源文件</Filter>
    </ClCompile>
    <ClCompile Include="p482_5 抽奖程序.cpp">
      <Filter>源文件</Filter>
    </ClCompile>
    <ClCompile Include="p483编程练习7.cpp">
      <Filter>源文件</Filter>
    </ClCompile>
    <ClCompile Include="p489 链表储存电影信息.cpp">
      <Filter>源文件</Filter>
    </ClCompile>
    <ClCompile Include="p495 接口_列表.cpp">
      <Filter>源文件</Filter>
    </ClCompile>
    <ClCompile Include="p499 接口_列表的实现.cpp">
      <Filter>源文件</Filter>
    </ClCompile>
    <ClCompile Include="p497 接口_列表的使用.cpp">
      <Filter>源文件</Filter>
    </ClCompile>
    <ClCompile Include="p509 接口_队列的实现.cpp">
      <Filter>源文件</Filter>
    </ClCompile>
    <ClCompile Include="p511 接口_队列驱动程序.cpp">
      <Filter>源文件</Filter>
    </ClCompile>
    <ClCompile Include="p514商业街建议摊位队列.cpp">
      <Filter>源文件</Filter>
    </ClCompile>
    <ClCompile Include="p521二叉树ADT_实现文件.cpp">
      <Filter>源文件</Filter>
    </ClCompile>
    <ClCompile Include="p521二叉树ADT.h">
      <Filter>源文件</Filter>
    </ClCompile>
    <ClCompile Include="p533二叉树_客户文件.cpp">
      <Filter>源文件</Filter>
    </ClCompile>
    <ClCompile Include="p521 二叉树ADT_实现文件.cpp">
      <Filter>源文件</Filter>
    </ClCompile>
    <ClCompile Include="p521 二叉树ADT_客户文件.cpp">
      <Filter>源文件</Filter>
    </ClCompile>
    <ClCompile Include="p538编程练习1(双向链表).cpp">
      <Filter>源文件</Filter>
    </ClCompile>
    <ClCompile Include="p538编程练习1%28递归实现双向输出%29.cpp">
      <Filter>源文件</Filter>
    </ClCompile>
    <ClCompile Include="p539编程练习5(栈).cpp">
      <Filter>源文件</Filter>
    </ClCompile>
    <ClCompile Include="p539编程练习7%28二叉树%29.h">
      <Filter>源文件</Filter>
    </ClCompile>
    <ClCompile Include="p539编程练习7(二叉树)_实现文件.cpp">
      <Filter>源文件</Filter>
    </ClCompile>
    <ClCompile Include="p539编程练习7(二叉树)_客户文件.cpp">
      <Filter>源文件</Filter>
    </ClCompile>
    <ClCompile Include="p426 位操作符.cpp">
      <Filter>源文件</Filter>
    </ClCompile>
    <ClCompile Include="选择排序.cpp">
      <Filter>源文件</Filter>
    </ClCompile>
  </ItemGroup>
  <ItemGroup>
    <ClInclude Include="p339掷骰子.h">
      <Filter>头文件</Filter>
    </ClInclude>
    <ClInclude Include="p456include的使用1.h">
      <Filter>头文件</Filter>
    </ClInclude>
    <ClInclude Include="daxiong.h">
      <Filter>头文件</Filter>
    </ClInclude>
    <ClInclude Include="p495接口_列表.h">
      <Filter>头文件</Filter>
    </ClInclude>
    <ClInclude Include="p504 接口_队列.h">
      <Filter>头文件</Filter>
    </ClInclude>
    <ClInclude Include="p521 二叉树ADT.h">
      <Filter>头文件</Filter>
    </ClInclude>
  </ItemGroup>
  <ItemGroup>
    <Text Include="p371app.txt" />
    <Text Include="p371src.txt" />
    <Text Include="p371src1.txt" />
    <Text Include="p371src2.txt" />
    <Text Include="p372.txt" />
    <Text Include="p376_3dest.txt" />
    <Text Include="p376_3source.txt" />
    <Text Include="p361word.txt" />
    <Text Include="p376复习题4.txt" />
    <Text Include="p376编程练习11(画图).txt" />
    <Text Include="p539编程练习7(二叉树).txt" />
  </ItemGroup>
</Project>